{
  "requires": true,
  "lockfileVersion": 1,
  "dependencies": {
    "date-fns": {
      "version": "2.0.1",
      "resolved": "https://registry.npmjs.org/date-fns/-/date-fns-2.0.1.tgz",
      "integrity": "sha512-C14oTzTZy8DH1Eq8N78owrCWvf3+cnJw88BTK/N3DYWVxDJuJzPaNdplzYxDYuuXXGvqBcO4Vy5SOrwAooXSWw=="
    },
    "vue-cli-plugin-vuetify": {
      "version": "0.5.0",
      "resolved": "https://registry.npmjs.org/vue-cli-plugin-vuetify/-/vue-cli-plugin-vuetify-0.5.0.tgz",
      "integrity": "sha512-TigfiZUs7SN3Z6uxKilqJUtYxte8vp0F4QxabCli6hkKPqU97JzAZc3P7AL6omkRAd2DMI26fOrIGjuALTvXww=="
    },
    "vuetify-daterange-picker": {
      "version": "3.1.7-beta.2",
      "resolved": "https://registry.npmjs.org/vuetify-daterange-picker/-/vuetify-daterange-picker-3.1.7-beta.2.tgz",
      "integrity": "sha512-4RhToNRjnbylMtMlIYq6MtzrpcPoZoWQzjfgVc7isHuR1Qygc/cL7lU9oU1DzxC4wFX5eNStA6+XtyJ40K2N0g=="
    }
  }
}
